
Microsoft Visual Studio Solution File, Format Version 12.00
# Visual Studio Version 17
VisualStudioVersion = 17.5.33530.505
MinimumVisualStudioVersion = 10.0.40219.1
Project("{FAE04EC0-301F-11D3-BF4B-00C04F79EFBC}") = "Controles", "Controles\Controles.csproj", "{EAE9FE47-F3EC-44A4-9AD4-7C4139E9B289}"
EndProject
Global
	GlobalSection(SolutionConfigurationPlatforms) = preSolution
		Debug|Any CPU = Debug|Any CPU
		Release|Any CPU = Release|Any CPU
	EndGlobalSection
	GlobalSection(ProjectConfigurationPlatforms) = postSolution
		{EAE9FE47-F3EC-44A4-9AD4-7C4139E9B289}.Debug|Any CPU.ActiveCfg = Debug|Any CPU
		{EAE9FE47-F3EC-44A4-9AD4-7C4139E9B289}.Debug|Any CPU.Build.0 = Debug|Any CPU
		{EAE9FE47-F3EC-44A4-9AD4-7C4139E9B289}.Release|Any CPU.ActiveCfg = Release|Any CPU
		{EAE9FE47-F3EC-44A4-9AD4-7C4139E9B289}.Release|Any CPU.Build.0 = Release|Any CPU
	EndGlobalSection
	GlobalSection(SolutionProperties) = preSolution
		HideSolutionNode = FALSE
	EndGlobalSection
	GlobalSection(ExtensibilityGlobals) = postSolution
		SolutionGuid = {EFAEB55B-5C07-4926-AB74-7E9787D5BA0C}
	EndGlobalSection
EndGlobal
