
Microsoft Visual Studio Solution File, Format Version 12.00
# Visual Studio Version 17
VisualStudioVersion = 17.5.33530.505
MinimumVisualStudioVersion = 10.0.40219.1
Project("{FAE04EC0-301F-11D3-BF4B-00C04F79EFBC}") = "PrintNewPage", "PrintNewPage.csproj", "{38793C6F-855D-49A3-9D4A-075B68307358}"
EndProject
Global
	GlobalSection(SolutionConfigurationPlatforms) = preSolution
		Debug|Any CPU = Debug|Any CPU
		Release|Any CPU = Release|Any CPU
	EndGlobalSection
	GlobalSection(ProjectConfigurationPlatforms) = postSolution
		{38793C6F-855D-49A3-9D4A-075B68307358}.Debug|Any CPU.ActiveCfg = Debug|Any CPU
		{38793C6F-855D-49A3-9D4A-075B68307358}.Debug|Any CPU.Build.0 = Debug|Any CPU
		{38793C6F-855D-49A3-9D4A-075B68307358}.Release|Any CPU.ActiveCfg = Release|Any CPU
		{38793C6F-855D-49A3-9D4A-075B68307358}.Release|Any CPU.Build.0 = Release|Any CPU
	EndGlobalSection
	GlobalSection(SolutionProperties) = preSolution
		HideSolutionNode = FALSE
	EndGlobalSection
	GlobalSection(ExtensibilityGlobals) = postSolution
		SolutionGuid = {65F56832-DDB2-4F57-906C-AF62005CB2D2}
	EndGlobalSection
EndGlobal
