
Microsoft Visual Studio Solution File, Format Version 12.00
# Visual Studio Version 17
VisualStudioVersion = 17.5.33530.505
MinimumVisualStudioVersion = 10.0.40219.1
Project("{FAE04EC0-301F-11D3-BF4B-00C04F79EFBC}") = "ClasseComHeranca", "ClasseComHeranca.csproj", "{AC7CFCDC-B255-45AB-A15B-CFF60A6D6D5F}"
EndProject
Global
	GlobalSection(SolutionConfigurationPlatforms) = preSolution
		Debug|Any CPU = Debug|Any CPU
		Release|Any CPU = Release|Any CPU
	EndGlobalSection
	GlobalSection(ProjectConfigurationPlatforms) = postSolution
		{AC7CFCDC-B255-45AB-A15B-CFF60A6D6D5F}.Debug|Any CPU.ActiveCfg = Debug|Any CPU
		{AC7CFCDC-B255-45AB-A15B-CFF60A6D6D5F}.Debug|Any CPU.Build.0 = Debug|Any CPU
		{AC7CFCDC-B255-45AB-A15B-CFF60A6D6D5F}.Release|Any CPU.ActiveCfg = Release|Any CPU
		{AC7CFCDC-B255-45AB-A15B-CFF60A6D6D5F}.Release|Any CPU.Build.0 = Release|Any CPU
	EndGlobalSection
	GlobalSection(SolutionProperties) = preSolution
		HideSolutionNode = FALSE
	EndGlobalSection
	GlobalSection(ExtensibilityGlobals) = postSolution
		SolutionGuid = {EAE23225-6D93-494A-9006-2EB14E892DA7}
	EndGlobalSection
EndGlobal
