
Microsoft Visual Studio Solution File, Format Version 12.00
# Visual Studio Version 17
VisualStudioVersion = 17.5.33530.505
MinimumVisualStudioVersion = 10.0.40219.1
Project("{FAE04EC0-301F-11D3-BF4B-00C04F79EFBC}") = "Constantes", "Constantes.csproj", "{9F0B37CD-60BD-4F01-BBA4-1F9EB3C1CC16}"
EndProject
Global
	GlobalSection(SolutionConfigurationPlatforms) = preSolution
		Debug|Any CPU = Debug|Any CPU
		Release|Any CPU = Release|Any CPU
	EndGlobalSection
	GlobalSection(ProjectConfigurationPlatforms) = postSolution
		{9F0B37CD-60BD-4F01-BBA4-1F9EB3C1CC16}.Debug|Any CPU.ActiveCfg = Debug|Any CPU
		{9F0B37CD-60BD-4F01-BBA4-1F9EB3C1CC16}.Debug|Any CPU.Build.0 = Debug|Any CPU
		{9F0B37CD-60BD-4F01-BBA4-1F9EB3C1CC16}.Release|Any CPU.ActiveCfg = Release|Any CPU
		{9F0B37CD-60BD-4F01-BBA4-1F9EB3C1CC16}.Release|Any CPU.Build.0 = Release|Any CPU
	EndGlobalSection
	GlobalSection(SolutionProperties) = preSolution
		HideSolutionNode = FALSE
	EndGlobalSection
	GlobalSection(ExtensibilityGlobals) = postSolution
		SolutionGuid = {9FA7FA0F-63F3-4A74-864A-4E1762454DD8}
	EndGlobalSection
EndGlobal
