
Microsoft Visual Studio Solution File, Format Version 12.00
# Visual Studio Version 17
VisualStudioVersion = 17.5.33530.505
MinimumVisualStudioVersion = 10.0.40219.1
Project("{FAE04EC0-301F-11D3-BF4B-00C04F79EFBC}") = "MetodoParametros", "MetodoParametros.csproj", "{475DF310-B5F1-4972-A3D5-9A01996CADF9}"
EndProject
Global
	GlobalSection(SolutionConfigurationPlatforms) = preSolution
		Debug|Any CPU = Debug|Any CPU
		Release|Any CPU = Release|Any CPU
	EndGlobalSection
	GlobalSection(ProjectConfigurationPlatforms) = postSolution
		{475DF310-B5F1-4972-A3D5-9A01996CADF9}.Debug|Any CPU.ActiveCfg = Debug|Any CPU
		{475DF310-B5F1-4972-A3D5-9A01996CADF9}.Debug|Any CPU.Build.0 = Debug|Any CPU
		{475DF310-B5F1-4972-A3D5-9A01996CADF9}.Release|Any CPU.ActiveCfg = Release|Any CPU
		{475DF310-B5F1-4972-A3D5-9A01996CADF9}.Release|Any CPU.Build.0 = Release|Any CPU
	EndGlobalSection
	GlobalSection(SolutionProperties) = preSolution
		HideSolutionNode = FALSE
	EndGlobalSection
	GlobalSection(ExtensibilityGlobals) = postSolution
		SolutionGuid = {917C1652-57C2-45BE-AF6A-6C39B1DEC5AE}
	EndGlobalSection
EndGlobal
