
Microsoft Visual Studio Solution File, Format Version 12.00
# Visual Studio Version 17
VisualStudioVersion = 17.5.33530.505
MinimumVisualStudioVersion = 10.0.40219.1
Project("{FAE04EC0-301F-11D3-BF4B-00C04F79EFBC}") = "ClasseAbstrataEncapsulada", "ClasseAbstrataEncapsulada.csproj", "{CA351D79-4C32-499F-A777-04C4CEF5581A}"
EndProject
Global
	GlobalSection(SolutionConfigurationPlatforms) = preSolution
		Debug|Any CPU = Debug|Any CPU
		Release|Any CPU = Release|Any CPU
	EndGlobalSection
	GlobalSection(ProjectConfigurationPlatforms) = postSolution
		{CA351D79-4C32-499F-A777-04C4CEF5581A}.Debug|Any CPU.ActiveCfg = Debug|Any CPU
		{CA351D79-4C32-499F-A777-04C4CEF5581A}.Debug|Any CPU.Build.0 = Debug|Any CPU
		{CA351D79-4C32-499F-A777-04C4CEF5581A}.Release|Any CPU.ActiveCfg = Release|Any CPU
		{CA351D79-4C32-499F-A777-04C4CEF5581A}.Release|Any CPU.Build.0 = Release|Any CPU
	EndGlobalSection
	GlobalSection(SolutionProperties) = preSolution
		HideSolutionNode = FALSE
	EndGlobalSection
	GlobalSection(ExtensibilityGlobals) = postSolution
		SolutionGuid = {955E90A6-C307-415B-A362-933B764E2341}
	EndGlobalSection
EndGlobal
