
Microsoft Visual Studio Solution File, Format Version 12.00
# Visual Studio Version 17
VisualStudioVersion = 17.5.33530.505
MinimumVisualStudioVersion = 10.0.40219.1
Project("{FAE04EC0-301F-11D3-BF4B-00C04F79EFBC}") = "CriaArquivo", "CriaArquivo.csproj", "{AEAD7829-78A0-47A8-9B5D-B623B71FA578}"
EndProject
Global
	GlobalSection(SolutionConfigurationPlatforms) = preSolution
		Debug|Any CPU = Debug|Any CPU
		Release|Any CPU = Release|Any CPU
	EndGlobalSection
	GlobalSection(ProjectConfigurationPlatforms) = postSolution
		{AEAD7829-78A0-47A8-9B5D-B623B71FA578}.Debug|Any CPU.ActiveCfg = Debug|Any CPU
		{AEAD7829-78A0-47A8-9B5D-B623B71FA578}.Debug|Any CPU.Build.0 = Debug|Any CPU
		{AEAD7829-78A0-47A8-9B5D-B623B71FA578}.Release|Any CPU.ActiveCfg = Release|Any CPU
		{AEAD7829-78A0-47A8-9B5D-B623B71FA578}.Release|Any CPU.Build.0 = Release|Any CPU
	EndGlobalSection
	GlobalSection(SolutionProperties) = preSolution
		HideSolutionNode = FALSE
	EndGlobalSection
	GlobalSection(ExtensibilityGlobals) = postSolution
		SolutionGuid = {CD9EB64C-1CC1-4CE7-B2BB-722CF07D5005}
	EndGlobalSection
EndGlobal
